
Microsoft Visual Studio Solution File, Format Version 12.00
# Visual Studio Version 17
VisualStudioVersion = 17.10.35122.118
MinimumVisualStudioVersion = 10.0.40219.1
Project("{9A19103F-16F7-4668-BE54-9A1E7A4F7556}") = "BombermanServer", "BombermanServer\BombermanServer.csproj", "{E4FE98CD-EAC2-4FAC-93CB-E34DD029132F}"
EndProject
Project("{9A19103F-16F7-4668-BE54-9A1E7A4F7556}") = "BombermanGame", "BombermanGame\BombermanGame.csproj", "{40FC3000-28DF-4E51-AE99-D0FAA904E392}"
EndProject
Global
	GlobalSection(SolutionConfigurationPlatforms) = preSolution
		Debug|Any CPU = Debug|Any CPU
		Debug|x64 = Debug|x64
		Release|Any CPU = Release|Any CPU
		Release|x64 = Release|x64
	EndGlobalSection
	GlobalSection(ProjectConfigurationPlatforms) = postSolution
		{E4FE98CD-EAC2-4FAC-93CB-E34DD029132F}.Debug|Any CPU.ActiveCfg = Debug|Any CPU
		{E4FE98CD-EAC2-4FAC-93CB-E34DD029132F}.Debug|Any CPU.Build.0 = Debug|Any CPU
		{E4FE98CD-EAC2-4FAC-93CB-E34DD029132F}.Debug|x64.ActiveCfg = Debug|Any CPU
		{E4FE98CD-EAC2-4FAC-93CB-E34DD029132F}.Debug|x64.Build.0 = Debug|Any CPU
		{E4FE98CD-EAC2-4FAC-93CB-E34DD029132F}.Release|Any CPU.ActiveCfg = Release|Any CPU
		{E4FE98CD-EAC2-4FAC-93CB-E34DD029132F}.Release|Any CPU.Build.0 = Release|Any CPU
		{E4FE98CD-EAC2-4FAC-93CB-E34DD029132F}.Release|x64.ActiveCfg = Release|Any CPU
		{E4FE98CD-EAC2-4FAC-93CB-E34DD029132F}.Release|x64.Build.0 = Release|Any CPU
		{40FC3000-28DF-4E51-AE99-D0FAA904E392}.Debug|Any CPU.ActiveCfg = Debug|Any CPU
		{40FC3000-28DF-4E51-AE99-D0FAA904E392}.Debug|Any CPU.Build.0 = Debug|Any CPU
		{40FC3000-28DF-4E51-AE99-D0FAA904E392}.Debug|x64.ActiveCfg = Debug|x64
		{40FC3000-28DF-4E51-AE99-D0FAA904E392}.Debug|x64.Build.0 = Debug|x64
		{40FC3000-28DF-4E51-AE99-D0FAA904E392}.Release|Any CPU.ActiveCfg = Release|Any CPU
		{40FC3000-28DF-4E51-AE99-D0FAA904E392}.Release|Any CPU.Build.0 = Release|Any CPU
		{40FC3000-28DF-4E51-AE99-D0FAA904E392}.Release|x64.ActiveCfg = Release|x64
		{40FC3000-28DF-4E51-AE99-D0FAA904E392}.Release|x64.Build.0 = Release|x64
	EndGlobalSection
	GlobalSection(SolutionProperties) = preSolution
		HideSolutionNode = FALSE
	EndGlobalSection
	GlobalSection(ExtensibilityGlobals) = postSolution
		SolutionGuid = {37EE928F-3C1D-4A44-8A8B-16DA87D01D5D}
	EndGlobalSection
EndGlobal
